
Microsoft Visual Studio Solution File, Format Version 12.00
# Visual Studio 15
VisualStudioVersion = 15.0.28307.168
MinimumVisualStudioVersion = 10.0.40219.1
Project("{FAE04EC0-301F-11D3-BF4B-00C04F79EFBC}") = "CSD3354-2-Assignemt-2-c0727119", "CSD3354-2-Assignemt-2-c0727119\CSD3354-2-Assignemt-2-c0727119.csproj", "{0A486E82-7FCB-4346-BDD3-5F585919D1D9}"
EndProject
Global
	GlobalSection(SolutionConfigurationPlatforms) = preSolution
		Debug|Any CPU = Debug|Any CPU
		Release|Any CPU = Release|Any CPU
	EndGlobalSection
	GlobalSection(ProjectConfigurationPlatforms) = postSolution
		{0A486E82-7FCB-4346-BDD3-5F585919D1D9}.Debug|Any CPU.ActiveCfg = Debug|Any CPU
		{0A486E82-7FCB-4346-BDD3-5F585919D1D9}.Debug|Any CPU.Build.0 = Debug|Any CPU
		{0A486E82-7FCB-4346-BDD3-5F585919D1D9}.Release|Any CPU.ActiveCfg = Release|Any CPU
		{0A486E82-7FCB-4346-BDD3-5F585919D1D9}.Release|Any CPU.Build.0 = Release|Any CPU
	EndGlobalSection
	GlobalSection(SolutionProperties) = preSolution
		HideSolutionNode = FALSE
	EndGlobalSection
	GlobalSection(ExtensibilityGlobals) = postSolution
		SolutionGuid = {B8EF1D1A-1DD1-418C-AAD4-FFFE4219BFB2}
	EndGlobalSection
EndGlobal
